
Microsoft Visual Studio Solution File, Format Version 12.00
# Visual Studio 14
VisualStudioVersion = 14.0.25420.1
MinimumVisualStudioVersion = 10.0.40219.1
Project("{E24C65DC-7377-472B-9ABA-BC803B73C61A}") = "http://dev.denann.in", "http://dev.denann.in", "{71DE1078-9C4F-4057-B830-EFE1D78B07F6}"
	ProjectSection(WebsiteProperties) = preProject
		UseIISExpress = "false"
		TargetFrameworkMoniker = ".NETFramework,Version%3Dv4.5"
		Debug.AspNetCompiler.VirtualPath = "/dev.denann.in"
		Debug.AspNetCompiler.PhysicalPath = "..\SITE\"
		Debug.AspNetCompiler.TargetPath = "PrecompiledWeb\dev.denann.in\"
		Debug.AspNetCompiler.Updateable = "true"
		Debug.AspNetCompiler.ForceOverwrite = "true"
		Debug.AspNetCompiler.FixedNames = "false"
		Debug.AspNetCompiler.Debug = "True"
		Release.AspNetCompiler.VirtualPath = "/dev.denann.in"
		Release.AspNetCompiler.PhysicalPath = "..\SITE\"
		Release.AspNetCompiler.TargetPath = "PrecompiledWeb\dev.denann.in\"
		Release.AspNetCompiler.Updateable = "true"
		Release.AspNetCompiler.ForceOverwrite = "true"
		Release.AspNetCompiler.FixedNames = "false"
		Release.AspNetCompiler.Debug = "False"
		SlnRelativePath = "..\SITE\"
	EndProjectSection
EndProject
Global
	GlobalSection(SolutionConfigurationPlatforms) = preSolution
		Debug|Any CPU = Debug|Any CPU
	EndGlobalSection
	GlobalSection(ProjectConfigurationPlatforms) = postSolution
		{71DE1078-9C4F-4057-B830-EFE1D78B07F6}.Debug|Any CPU.ActiveCfg = Debug|Any CPU
		{71DE1078-9C4F-4057-B830-EFE1D78B07F6}.Debug|Any CPU.Build.0 = Debug|Any CPU
	EndGlobalSection
	GlobalSection(SolutionProperties) = preSolution
		HideSolutionNode = FALSE
	EndGlobalSection
EndGlobal
